<?xml version="1.0" encoding="utf-8"?>
<Project ToolsVersion="4.0" xmlns="http://schemas.microsoft.com/developer/msbuild/2003">
  <ItemGroup>
    <ClCompile Include="Appmain.cpp" />
    <ClCompile Include="PreCompile.cpp">
      <Filter>Precom</Filter>
    </ClCompile>
    <ClCompile Include="UserGame.cpp">
      <Filter>UserCore</Filter>
    </ClCompile>
    <ClCompile Include="Map.cpp">
      <Filter>GameObject\Actor</Filter>
    </ClCompile>
    <ClCompile Include="TutorialLevel.cpp">
      <Filter>GameObject\Level</Filter>
    </ClCompile>
    <ClCompile Include="TitleLevel.cpp">
      <Filter>GameObject\Level</Filter>
    </ClCompile>
    <ClCompile Include="PlayLevel.cpp">
      <Filter>GameObject\Level</Filter>
    </ClCompile>
    <ClCompile Include="TitleActor.cpp">
      <Filter>GameObject\Actor\TitleLevel</Filter>
    </ClCompile>
    <ClCompile Include="WorldLevel.cpp">
      <Filter>GameObject\Level</Filter>
    </ClCompile>
    <ClCompile Include="TutorialMap.cpp">
      <Filter>GameObject\Actor\TutorialLevel</Filter>
    </ClCompile>
    <ClCompile Include="Player.cpp">
      <Filter>GameObject\Actor\Player</Filter>
    </ClCompile>
    <ClCompile Include="Monster.cpp">
      <Filter>GameObject\Actor\Enemy</Filter>
    </ClCompile>
    <ClCompile Include="Peashot.cpp">
      <Filter>GameObject\Actor\PlayerWeapon</Filter>
    </ClCompile>
  </ItemGroup>
  <ItemGroup>
    <Filter Include="Precom">
      <UniqueIdentifier>{0d0b75c7-5726-42b1-aa92-879451e131c1}</UniqueIdentifier>
    </Filter>
    <Filter Include="UserCore">
      <UniqueIdentifier>{ae1c99fc-5ae2-4958-9205-8018fcb509b5}</UniqueIdentifier>
    </Filter>
    <Filter Include="GameObject">
      <UniqueIdentifier>{898bd5b8-731c-4894-b0c9-3b13daf35cbb}</UniqueIdentifier>
    </Filter>
    <Filter Include="GameObject\Level">
      <UniqueIdentifier>{9d5a936f-250a-403d-9216-e3eb7dbba189}</UniqueIdentifier>
    </Filter>
    <Filter Include="UserCore\CustomVertex">
      <UniqueIdentifier>{16842167-2534-42db-8026-796a267ad72b}</UniqueIdentifier>
    </Filter>
    <Filter Include="GameObject\Constant">
      <UniqueIdentifier>{fbaab9ef-1081-4ee1-a8af-1f91bc456261}</UniqueIdentifier>
    </Filter>
    <Filter Include="GameObject\Actor">
      <UniqueIdentifier>{42a2e9f2-724c-4f93-9426-eecc8eb145fb}</UniqueIdentifier>
    </Filter>
    <Filter Include="GameObject\Actor\TitleLevel">
      <UniqueIdentifier>{bd13da0e-c7ef-42ac-8494-c6aa2425f89a}</UniqueIdentifier>
    </Filter>
    <Filter Include="GameObject\Actor\TutorialLevel">
      <UniqueIdentifier>{4d4c17e6-c9c8-4ac2-ac0b-e6d4355c70c5}</UniqueIdentifier>
    </Filter>
    <Filter Include="GameObject\Actor\Player">
      <UniqueIdentifier>{f8e3539b-b27e-489c-ae25-64fc4d283644}</UniqueIdentifier>
    </Filter>
    <Filter Include="GameObject\Actor\PlayerWeapon">
      <UniqueIdentifier>{0404191d-f317-45f5-b778-c1dcd2e81894}</UniqueIdentifier>
    </Filter>
    <Filter Include="GameObject\Actor\Enemy">
      <UniqueIdentifier>{e81cf8ae-bbc0-4f45-a0cd-62d10336b013}</UniqueIdentifier>
    </Filter>
  </ItemGroup>
  <ItemGroup>
    <ClInclude Include="PreCompile.h">
      <Filter>Precom</Filter>
    </ClInclude>
    <ClInclude Include="UserGame.h">
      <Filter>UserCore</Filter>
    </ClInclude>
    <ClInclude Include="CustomVertex.h">
      <Filter>UserCore\CustomVertex</Filter>
    </ClInclude>
    <ClInclude Include="eCollisionGroup.h">
      <Filter>GameObject\Constant</Filter>
    </ClInclude>
    <ClInclude Include="Map.h">
      <Filter>GameObject\Actor</Filter>
    </ClInclude>
    <ClInclude Include="TutorialLevel.h">
      <Filter>GameObject\Level</Filter>
    </ClInclude>
    <ClInclude Include="TitleLevel.h">
      <Filter>GameObject\Level</Filter>
    </ClInclude>
    <ClInclude Include="PlayLevel.h">
      <Filter>GameObject\Level</Filter>
    </ClInclude>
    <ClInclude Include="TitleActor.h">
      <Filter>GameObject\Actor\TitleLevel</Filter>
    </ClInclude>
    <ClInclude Include="WorldLevel.h">
      <Filter>GameObject\Level</Filter>
    </ClInclude>
    <ClInclude Include="TutorialMap.h">
      <Filter>GameObject\Actor\TutorialLevel</Filter>
    </ClInclude>
    <ClInclude Include="Player.h">
      <Filter>GameObject\Actor\Player</Filter>
    </ClInclude>
    <ClInclude Include="Monster.h">
      <Filter>GameObject\Actor\Enemy</Filter>
    </ClInclude>
    <ClInclude Include="Peashot.h">
      <Filter>GameObject\Actor\PlayerWeapon</Filter>
    </ClInclude>
  </ItemGroup>
</Project>