<?xml version="1.0" encoding="utf-8"?>
<Project ToolsVersion="4.0" xmlns="http://schemas.microsoft.com/developer/msbuild/2003">
  <ItemGroup>
    <ClCompile Include="Appmain.cpp" />
    <ClCompile Include="PreCompile.cpp">
      <Filter>PreCompileHeader</Filter>
    </ClCompile>
    <ClCompile Include="UserGame.cpp">
      <Filter>Game</Filter>
    </ClCompile>
  </ItemGroup>
  <ItemGroup>
    <Filter Include="PreCompileHeader">
      <UniqueIdentifier>{a1a2924b-9b8d-4256-8bb1-a2aeeb5ae00d}</UniqueIdentifier>
    </Filter>
    <Filter Include="Game">
      <UniqueIdentifier>{802ec109-f81f-46b7-a4dd-b81bd98549ba}</UniqueIdentifier>
    </Filter>
  </ItemGroup>
  <ItemGroup>
    <ClInclude Include="PreCompile.h">
      <Filter>PreCompileHeader</Filter>
    </ClInclude>
    <ClInclude Include="UserGame.h">
      <Filter>Game</Filter>
    </ClInclude>
  </ItemGroup>
</Project>