<?xml version="1.0" encoding="utf-8"?>
<Project ToolsVersion="4.0" xmlns="http://schemas.microsoft.com/developer/msbuild/2003">
  <ItemGroup>
    <ClCompile Include="Appmain.cpp" />
    <ClCompile Include="PreCompile.cpp">
      <Filter>Precom</Filter>
    </ClCompile>
    <ClCompile Include="UserGame.cpp">
      <Filter>UserCore</Filter>
    </ClCompile>
    <ClCompile Include="Player.cpp">
      <Filter>GameObject\Level\Play\Actor</Filter>
    </ClCompile>
    <ClCompile Include="Monster.cpp">
      <Filter>GameObject\Level\Play\Actor</Filter>
    </ClCompile>
    <ClCompile Include="TitleLevel.cpp">
      <Filter>GameObject\Level\Title</Filter>
    </ClCompile>
    <ClCompile Include="PlayLevel.cpp">
      <Filter>GameObject\Level\Play</Filter>
    </ClCompile>
    <ClCompile Include="TitleActor.cpp">
      <Filter>GameObject\Level\Title\Actor</Filter>
    </ClCompile>
  </ItemGroup>
  <ItemGroup>
    <Filter Include="Precom">
      <UniqueIdentifier>{0d0b75c7-5726-42b1-aa92-879451e131c1}</UniqueIdentifier>
    </Filter>
    <Filter Include="UserCore">
      <UniqueIdentifier>{ae1c99fc-5ae2-4958-9205-8018fcb509b5}</UniqueIdentifier>
    </Filter>
    <Filter Include="GameObject">
      <UniqueIdentifier>{898bd5b8-731c-4894-b0c9-3b13daf35cbb}</UniqueIdentifier>
    </Filter>
    <Filter Include="GameObject\Level">
      <UniqueIdentifier>{9d5a936f-250a-403d-9216-e3eb7dbba189}</UniqueIdentifier>
    </Filter>
    <Filter Include="UserCore\CustomVertex">
      <UniqueIdentifier>{16842167-2534-42db-8026-796a267ad72b}</UniqueIdentifier>
    </Filter>
    <Filter Include="GameObject\Level\Play">
      <UniqueIdentifier>{98f387b7-b7d0-497e-a4a6-358910ffd1de}</UniqueIdentifier>
    </Filter>
    <Filter Include="GameObject\Level\Title">
      <UniqueIdentifier>{aa09a621-7683-471f-b3ef-b26bac28af2c}</UniqueIdentifier>
    </Filter>
    <Filter Include="GameObject\Level\Title\Actor">
      <UniqueIdentifier>{42a2e9f2-724c-4f93-9426-eecc8eb145fb}</UniqueIdentifier>
    </Filter>
    <Filter Include="GameObject\Level\Play\Actor">
      <UniqueIdentifier>{84dc2f1f-68b3-4cd2-918e-578b625d40c8}</UniqueIdentifier>
    </Filter>
  </ItemGroup>
  <ItemGroup>
    <ClInclude Include="PreCompile.h">
      <Filter>Precom</Filter>
    </ClInclude>
    <ClInclude Include="UserGame.h">
      <Filter>UserCore</Filter>
    </ClInclude>
    <ClInclude Include="CustomVertex.h">
      <Filter>UserCore\CustomVertex</Filter>
    </ClInclude>
    <ClInclude Include="Player.h">
      <Filter>GameObject\Level\Play\Actor</Filter>
    </ClInclude>
    <ClInclude Include="Monster.h">
      <Filter>GameObject\Level\Play\Actor</Filter>
    </ClInclude>
    <ClInclude Include="TitleLevel.h">
      <Filter>GameObject\Level\Title</Filter>
    </ClInclude>
    <ClInclude Include="PlayLevel.h">
      <Filter>GameObject\Level\Play</Filter>
    </ClInclude>
    <ClInclude Include="TitleActor.h">
      <Filter>GameObject\Level\Title\Actor</Filter>
    </ClInclude>
  </ItemGroup>
</Project>