
Microsoft Visual Studio Solution File, Format Version 12.00
# Visual Studio Version 17
VisualStudioVersion = 17.0.32014.148
MinimumVisualStudioVersion = 10.0.40219.1
Project("{2150E333-8FDC-42A3-9474-1A3956D46DE8}") = "01Lib", "01Lib", "{5AB66895-5503-4E45-AD71-62C666C0DF88}"
EndProject
Project("{2150E333-8FDC-42A3-9474-1A3956D46DE8}") = "02GameApp", "02GameApp", "{5495973D-12A3-4AAB-B611-F01DC5187C45}"
EndProject
Project("{8BC9CEB8-8B4A-11D0-8D11-00A0C91BC942}") = "GameApp", "GameApp\GameApp.vcxproj", "{EBCB3B1E-E274-47CC-ADFB-B03DF482D138}"
	ProjectSection(ProjectDependencies) = postProject
		{14A5D990-A9BB-4D11-A0A1-83D80A9DDF75} = {14A5D990-A9BB-4D11-A0A1-83D80A9DDF75}
		{282E9DA4-B0AF-43C3-9AE1-F74C7007D68D} = {282E9DA4-B0AF-43C3-9AE1-F74C7007D68D}
	EndProjectSection
EndProject
Project("{2150E333-8FDC-42A3-9474-1A3956D46DE8}") = "Level01", "Level01", "{0E68318F-26A3-43A3-8A18-5E634E074993}"
EndProject
Project("{2150E333-8FDC-42A3-9474-1A3956D46DE8}") = "Level02", "Level02", "{4786B0C1-7C76-44DE-B35B-58993708F7D1}"
EndProject
Project("{8BC9CEB8-8B4A-11D0-8D11-00A0C91BC942}") = "GameEngineBase", "GameEngineBase\GameEngineBase.vcxproj", "{282E9DA4-B0AF-43C3-9AE1-F74C7007D68D}"
EndProject
Project("{8BC9CEB8-8B4A-11D0-8D11-00A0C91BC942}") = "GameEngine", "GameEngine\GameEngine.vcxproj", "{14A5D990-A9BB-4D11-A0A1-83D80A9DDF75}"
	ProjectSection(ProjectDependencies) = postProject
		{282E9DA4-B0AF-43C3-9AE1-F74C7007D68D} = {282E9DA4-B0AF-43C3-9AE1-F74C7007D68D}
	EndProjectSection
EndProject
Global
	GlobalSection(SolutionConfigurationPlatforms) = preSolution
		Debug|x64 = Debug|x64
		Debug|x86 = Debug|x86
		Release|x64 = Release|x64
		Release|x86 = Release|x86
	EndGlobalSection
	GlobalSection(ProjectConfigurationPlatforms) = postSolution
		{EBCB3B1E-E274-47CC-ADFB-B03DF482D138}.Debug|x64.ActiveCfg = Debug|x64
		{EBCB3B1E-E274-47CC-ADFB-B03DF482D138}.Debug|x64.Build.0 = Debug|x64
		{EBCB3B1E-E274-47CC-ADFB-B03DF482D138}.Debug|x86.ActiveCfg = Debug|Win32
		{EBCB3B1E-E274-47CC-ADFB-B03DF482D138}.Debug|x86.Build.0 = Debug|Win32
		{EBCB3B1E-E274-47CC-ADFB-B03DF482D138}.Release|x64.ActiveCfg = Release|x64
		{EBCB3B1E-E274-47CC-ADFB-B03DF482D138}.Release|x64.Build.0 = Release|x64
		{EBCB3B1E-E274-47CC-ADFB-B03DF482D138}.Release|x86.ActiveCfg = Release|Win32
		{EBCB3B1E-E274-47CC-ADFB-B03DF482D138}.Release|x86.Build.0 = Release|Win32
		{282E9DA4-B0AF-43C3-9AE1-F74C7007D68D}.Debug|x64.ActiveCfg = Debug|x64
		{282E9DA4-B0AF-43C3-9AE1-F74C7007D68D}.Debug|x64.Build.0 = Debug|x64
		{282E9DA4-B0AF-43C3-9AE1-F74C7007D68D}.Debug|x86.ActiveCfg = Debug|Win32
		{282E9DA4-B0AF-43C3-9AE1-F74C7007D68D}.Debug|x86.Build.0 = Debug|Win32
		{282E9DA4-B0AF-43C3-9AE1-F74C7007D68D}.Release|x64.ActiveCfg = Release|x64
		{282E9DA4-B0AF-43C3-9AE1-F74C7007D68D}.Release|x64.Build.0 = Release|x64
		{282E9DA4-B0AF-43C3-9AE1-F74C7007D68D}.Release|x86.ActiveCfg = Release|Win32
		{282E9DA4-B0AF-43C3-9AE1-F74C7007D68D}.Release|x86.Build.0 = Release|Win32
		{14A5D990-A9BB-4D11-A0A1-83D80A9DDF75}.Debug|x64.ActiveCfg = Debug|x64
		{14A5D990-A9BB-4D11-A0A1-83D80A9DDF75}.Debug|x64.Build.0 = Debug|x64
		{14A5D990-A9BB-4D11-A0A1-83D80A9DDF75}.Debug|x86.ActiveCfg = Debug|Win32
		{14A5D990-A9BB-4D11-A0A1-83D80A9DDF75}.Debug|x86.Build.0 = Debug|Win32
		{14A5D990-A9BB-4D11-A0A1-83D80A9DDF75}.Release|x64.ActiveCfg = Release|x64
		{14A5D990-A9BB-4D11-A0A1-83D80A9DDF75}.Release|x64.Build.0 = Release|x64
		{14A5D990-A9BB-4D11-A0A1-83D80A9DDF75}.Release|x86.ActiveCfg = Release|Win32
		{14A5D990-A9BB-4D11-A0A1-83D80A9DDF75}.Release|x86.Build.0 = Release|Win32
	EndGlobalSection
	GlobalSection(SolutionProperties) = preSolution
		HideSolutionNode = FALSE
	EndGlobalSection
	GlobalSection(NestedProjects) = preSolution
		{EBCB3B1E-E274-47CC-ADFB-B03DF482D138} = {5495973D-12A3-4AAB-B611-F01DC5187C45}
		{0E68318F-26A3-43A3-8A18-5E634E074993} = {5AB66895-5503-4E45-AD71-62C666C0DF88}
		{4786B0C1-7C76-44DE-B35B-58993708F7D1} = {5AB66895-5503-4E45-AD71-62C666C0DF88}
		{282E9DA4-B0AF-43C3-9AE1-F74C7007D68D} = {0E68318F-26A3-43A3-8A18-5E634E074993}
		{14A5D990-A9BB-4D11-A0A1-83D80A9DDF75} = {4786B0C1-7C76-44DE-B35B-58993708F7D1}
	EndGlobalSection
	GlobalSection(ExtensibilityGlobals) = postSolution
		SolutionGuid = {AB32D854-659B-4503-A805-A3C6C81E6A5E}
	EndGlobalSection
EndGlobal
